
Microsoft Visual Studio Solution File, Format Version 12.00
# Visual Studio Version 18
VisualStudioVersion = 18.0.11222.15
MinimumVisualStudioVersion = 10.0.40219.1
Project("{9A19103F-16F7-4668-BE54-9A1E7A4F7556}") = "NGA.Console", "NGA.Console\NGA.Console.csproj", "{91B46C3A-CF8E-4FB8-BD78-3EA26F8F2E18}"
EndProject
Project("{9A19103F-16F7-4668-BE54-9A1E7A4F7556}") = "NGA.Models", "NGA.Models\NGA.Models.csproj", "{1B1A4A3F-AAAB-44ED-9EE6-F92569468160}"
EndProject
Project("{2150E333-8FDC-42A3-9474-1A3956D46DE8}") = "GitHub Action", "GitHub Action", "{E335F244-422F-4D60-8CA2-060E477612A3}"
	ProjectSection(SolutionItems) = preProject
		..\.github\workflows\docker-compose.yml = ..\.github\workflows\docker-compose.yml
	EndProjectSection
EndProject
Project("{FAE04EC0-301F-11D3-BF4B-00C04F79EFBC}") = "NGA.Api", "NGA.Api\NGA.Api.csproj", "{B48FED2F-80E3-2A9D-BA68-C6666154F886}"
EndProject
Global
	GlobalSection(SolutionConfigurationPlatforms) = preSolution
		Debug|Any CPU = Debug|Any CPU
		Release|Any CPU = Release|Any CPU
	EndGlobalSection
	GlobalSection(ProjectConfigurationPlatforms) = postSolution
		{91B46C3A-CF8E-4FB8-BD78-3EA26F8F2E18}.Debug|Any CPU.ActiveCfg = Debug|Any CPU
		{91B46C3A-CF8E-4FB8-BD78-3EA26F8F2E18}.Debug|Any CPU.Build.0 = Debug|Any CPU
		{91B46C3A-CF8E-4FB8-BD78-3EA26F8F2E18}.Release|Any CPU.ActiveCfg = Release|Any CPU
		{91B46C3A-CF8E-4FB8-BD78-3EA26F8F2E18}.Release|Any CPU.Build.0 = Release|Any CPU
		{1B1A4A3F-AAAB-44ED-9EE6-F92569468160}.Debug|Any CPU.ActiveCfg = Debug|Any CPU
		{1B1A4A3F-AAAB-44ED-9EE6-F92569468160}.Debug|Any CPU.Build.0 = Debug|Any CPU
		{1B1A4A3F-AAAB-44ED-9EE6-F92569468160}.Release|Any CPU.ActiveCfg = Release|Any CPU
		{1B1A4A3F-AAAB-44ED-9EE6-F92569468160}.Release|Any CPU.Build.0 = Release|Any CPU
		{B48FED2F-80E3-2A9D-BA68-C6666154F886}.Debug|Any CPU.ActiveCfg = Debug|Any CPU
		{B48FED2F-80E3-2A9D-BA68-C6666154F886}.Debug|Any CPU.Build.0 = Debug|Any CPU
		{B48FED2F-80E3-2A9D-BA68-C6666154F886}.Release|Any CPU.ActiveCfg = Release|Any CPU
		{B48FED2F-80E3-2A9D-BA68-C6666154F886}.Release|Any CPU.Build.0 = Release|Any CPU
	EndGlobalSection
	GlobalSection(SolutionProperties) = preSolution
		HideSolutionNode = FALSE
	EndGlobalSection
	GlobalSection(ExtensibilityGlobals) = postSolution
		SolutionGuid = {E51A34E3-F768-4A6A-AA4A-F01FEC4331D6}
	EndGlobalSection
EndGlobal
